
Microsoft Visual Studio Solution File, Format Version 12.00
# Visual Studio Version 17
VisualStudioVersion = 17.7.34024.191
MinimumVisualStudioVersion = 10.0.40219.1
Project("{FAE04EC0-301F-11D3-BF4B-00C04F79EFBC}") = "WeatherForecastApp", "WeatherForecastApp\WeatherForecastApp.csproj", "{74650C50-7E95-4C04-BA77-32B6D66F4E74}"
EndProject
Global
	GlobalSection(SolutionConfigurationPlatforms) = preSolution
		Debug|Any CPU = Debug|Any CPU
		Release|Any CPU = Release|Any CPU
	EndGlobalSection
	GlobalSection(ProjectConfigurationPlatforms) = postSolution
		{74650C50-7E95-4C04-BA77-32B6D66F4E74}.Debug|Any CPU.ActiveCfg = Debug|Any CPU
		{74650C50-7E95-4C04-BA77-32B6D66F4E74}.Debug|Any CPU.Build.0 = Debug|Any CPU
		{74650C50-7E95-4C04-BA77-32B6D66F4E74}.Release|Any CPU.ActiveCfg = Release|Any CPU
		{74650C50-7E95-4C04-BA77-32B6D66F4E74}.Release|Any CPU.Build.0 = Release|Any CPU
	EndGlobalSection
	GlobalSection(SolutionProperties) = preSolution
		HideSolutionNode = FALSE
	EndGlobalSection
	GlobalSection(ExtensibilityGlobals) = postSolution
		SolutionGuid = {85FC05AD-4260-4D31-8431-CB1000FB2C0B}
	EndGlobalSection
EndGlobal
